
Microsoft Visual Studio Solution File, Format Version 12.00
# Visual Studio 15
Project("{FAE04EC0-301F-11D3-BF4B-00C04F79EFBC}") = "CarRent", "CarRent.csproj", "{D6379DFD-9E5F-4A0F-8FE5-2CABA66EF386}"
EndProject
Global
	GlobalSection(SolutionConfigurationPlatforms) = preSolution
		Debug|Any CPU = Debug|Any CPU
		Release|Any CPU = Release|Any CPU
	EndGlobalSection
	GlobalSection(ProjectConfigurationPlatforms) = postSolution
		{D6379DFD-9E5F-4A0F-8FE5-2CABA66EF386}.Debug|Any CPU.ActiveCfg = Debug|Any CPU
		{D6379DFD-9E5F-4A0F-8FE5-2CABA66EF386}.Debug|Any CPU.Build.0 = Debug|Any CPU
		{D6379DFD-9E5F-4A0F-8FE5-2CABA66EF386}.Release|Any CPU.ActiveCfg = Release|Any CPU
		{D6379DFD-9E5F-4A0F-8FE5-2CABA66EF386}.Release|Any CPU.Build.0 = Release|Any CPU
	EndGlobalSection
EndGlobal
